# This file is automatically @generated by Cargo.
# It is not intended for manual editing.
version = 4

[[package]]
name = "adler2"
version = "2.0.1"
source = "registry+https://github.com/rust-lang/crates.io-index"
checksum = "320119579fcad9c21884f5c4861d16174d0e06250625266f50fe6898340abefa"

[[package]]
name = "aho-corasick"
version = "1.1.5"
source = "registry+https://github.com/rust-lang/crates.io-index"
checksum = "c982642fa9e8606056828ee9a8505737230110bb1099153c79efe865c59d12ba"
dependencies = [
 "memchr",
]

[[package]]
name = "anstream"
version = "1.0.0"
source = "registry+https://github.com/rust-lang/crates.io-index"
checksum = "824a212faf96e9acacdbd09febd34438f8f711fb84e09a8916013cd7815ca28d"
dependencies = [
 "anstyle",
 "anstyle-parse",
 "anstyle-query",
 "anstyle-wincon",
 "colorchoice",
 "is_terminal_polyfill",
 "utf8parse",
]

[[package]]
name = "anstyle"
version = "1.0.14"
source = "registry+https://github.com/rust-lang/crates.io-index"
checksum = "940b3a0ca603d1eade50a4846a2afffd5ef57a9feac2c0e2ec2e14f9ead76000"

[[package]]
name = "anstyle-parse"
version = "1.0.0"
source = "registry+https://github.com/rust-lang/crates.io-index"
checksum = "52ce7f38b242319f7cabaa6813055467063ecdc9d355bbb4ce0c68908cd8130e"
dependencies = [
 "utf8parse",
]

[[package]]
name = "anstyle-query"
version = "1.1.5"
source = "registry+https://github.com/rust-lang/crates.io-index"
checksum = "40c48f72fd53cd289104fc64099abca73db4166ad86ea0b4341abe65af83dadc"
dependencies = [
 "windows-sys",
]

[[package]]
name = "anstyle-wincon"
version = "3.0.11"
source = "registry+https://github.com/rust-lang/crates.io-index"
checksum = "291e6a250ff86cd4a820112fb8898808a366d8f9f58ce16d1f538353ad55747d"
dependencies = [
 "anstyle",
 "once_cell_polyfill",
 "windows-sys",
]

[[package]]
name = "arraystring"
version = "0.3.0"
source = "registry+https://github.com/rust-lang/crates.io-index"
checksum = "4d517c467117e1d8ca795bc8cc90857ff7f79790cca0e26f6e9462694ece0185"
dependencies = [
 "typenum",
]

[[package]]
name = "arrayvec"
version = "0.7.8"
source = "registry+https://github.com/rust-lang/crates.io-index"
checksum = "d3fb67a6e08acf24fdeccbac2cb6ac4305825bd1f117462e0e6f2f193345ad56"

[[package]]
name = "autocfg"
version = "1.5.1"
source = "registry+https://github.com/rust-lang/crates.io-index"
checksum = "f2032f911046de80f0a198e0901378627c33f59ea0ac00e363d481118bd70a53"

[[package]]
name = "bindgen"
version = "0.72.1"
source = "registry+https://github.com/rust-lang/crates.io-index"
checksum = "993776b509cfb49c750f11b8f07a46fa23e0a1386ffc01fb1e7d343efc387895"
dependencies = [
 "bitflags",
 "cexpr",
 "clang-sys",
 "itertools",
 "proc-macro2",
 "quote",
 "regex",
 "rustc-hash",
 "shlex 1.3.0",
 "syn 2.0.119",
]

[[package]]
name = "bitflags"
version = "2.13.2"
source = "registry+https://github.com/rust-lang/crates.io-index"
checksum = "3ded4057c258ba199e2d26386d3af3780957ecaee6c4ef4041c6b4b8b97c0b06"

[[package]]
name = "calendrical_calculations"
version = "0.2.4"
source = "registry+https://github.com/rust-lang/crates.io-index"
checksum = "5abbd6eeda6885048d357edc66748eea6e0268e3dd11f326fff5bd248d779c26"
dependencies = [
 "core_maths",
 "displaydoc",
]

[[package]]
name = "cbindgen"
version = "0.29.4"
source = "registry+https://github.com/rust-lang/crates.io-index"
checksum = "2ecb53484c9c167ba674026b656d8a27d7657a58e6066aa902bfb1a4aa00ae20"
dependencies = [
 "clap",
 "heck",
 "indexmap",
 "log",
 "proc-macro2",
 "quote",
 "serde",
 "serde_json",
 "syn 2.0.119",
 "tempfile",
 "toml",
]

[[package]]
name = "cc"
version = "1.4.7"
source = "registry+https://github.com/rust-lang/crates.io-index"
checksum = "54413ede23c2daf518f35156dfde027feb2374004d63bd497f983c8db9c0e313"
dependencies = [
 "find-msvc-tools",
 "shlex 2.0.1",
]

[[package]]
name = "cexpr"
version = "0.6.0"
source = "registry+https://github.com/rust-lang/crates.io-index"
checksum = "6fac387a98bb7c37292057cffc56d62ecb629900026402633ae9160df93a8766"
dependencies = [
 "nom",
]

[[package]]
name = "cfg-if"
version = "1.0.5"
source = "registry+https://github.com/rust-lang/crates.io-index"
checksum = "4e7648175b45a9a48536d676f68d918270699102aa8dab5496df06904c914600"

[[package]]
name = "clang-sys"
version = "1.9.1"
source = "registry+https://github.com/rust-lang/crates.io-index"
checksum = "157a8ba7b480713b56f4c09fd13fc3e0a22a5dfab8097ba61cbc5feef950788a"
dependencies = [
 "glob",
 "libc",
 "libloading",
]

[[package]]
name = "clap"
version = "4.6.7"
source = "registry+https://github.com/rust-lang/crates.io-index"
checksum = "aa8876b300ab35ba921adea3dfd70157a46249b33f95c9084ae5709785478946"
dependencies = [
 "clap_builder",
]

[[package]]
name = "clap_builder"
version = "4.6.7"
source = "registry+https://github.com/rust-lang/crates.io-index"
checksum = "ec0797fb7aeb1406c84efac526901f7ec3ead2124f946b494e72879d4b54704d"
dependencies = [
 "anstream",
 "anstyle",
 "clap_lex",
 "strsim",
]

[[package]]
name = "clap_lex"
version = "1.1.1"
source = "registry+https://github.com/rust-lang/crates.io-index"
checksum = "1c133bc6a41be0d194c306b5506d15e6feeea7b1d6604bd3f8310dfb2ca96486"

[[package]]
name = "colorchoice"
version = "1.0.5"
source = "registry+https://github.com/rust-lang/crates.io-index"
checksum = "1d07550c9036bf2ae0c684c4297d503f838287c83c53686d05370d0e139ae570"

[[package]]
name = "core_detect"
version = "1.0.0"
source = "registry+https://github.com/rust-lang/crates.io-index"
checksum = "7f8f80099a98041a3d1622845c271458a2d73e688351bf3cb999266764b81d48"

[[package]]
name = "core_maths"
version = "0.1.1"
source = "registry+https://github.com/rust-lang/crates.io-index"
checksum = "77745e017f5edba1a9c1d854f6f3a52dac8a12dd5af5d2f54aecf61e43d80d30"
dependencies = [
 "libm",
]

[[package]]
name = "crc32fast"
version = "1.5.2"
source = "registry+https://github.com/rust-lang/crates.io-index"
checksum = "01a7799fd6b852db0e61728dde9a204c423b44d689dbd432522543614b490e78"
dependencies = [
 "cfg-if",
]

[[package]]
name = "diplomat"
version = "0.14.0"
source = "registry+https://github.com/rust-lang/crates.io-index"
checksum = "9adb46b05e2f53dcf6a7dfc242e4ce9eb60c369b6b6eb10826a01e93167f59c6"
dependencies = [
 "diplomat_core",
 "proc-macro2",
 "quote",
 "syn 2.0.119",
]

[[package]]
name = "diplomat-runtime"
version = "0.14.0"
source = "registry+https://github.com/rust-lang/crates.io-index"
checksum = "0569bd3caaf13829da7ee4e83dbf9197a0e1ecd72772da6d08f0b4c9285c8d29"

[[package]]
name = "diplomat_core"
version = "0.14.0"
source = "registry+https://github.com/rust-lang/crates.io-index"
checksum = "51731530ed7f2d4495019abc7df3744f53338e69e2863a6a64ae91821c763df1"
dependencies = [
 "proc-macro2",
 "quote",
 "serde",
 "smallvec",
 "strck",
 "syn 2.0.119",
]

[[package]]
name = "displaydoc"
version = "0.2.7"
source = "registry+https://github.com/rust-lang/crates.io-index"
checksum = "c6232dd377dcc64799954cbd3a9bb882e9cdc1308ccd87b1c098f1fb2eaf82a8"
dependencies = [
 "proc-macro2",
 "quote",
 "syn 3.0.6",
]

[[package]]
name = "either"
version = "1.18.0"
source = "registry+https://github.com/rust-lang/crates.io-index"
checksum = "252afb9ae5eaa683babdc6a068b3f5726eb19e05070c731f9b2a23a7c3e8ed34"

[[package]]
name = "encoding_c"
version = "0.9.8"
source = "registry+https://github.com/rust-lang/crates.io-index"
checksum = "9af727805f3b0d79956bde5b35732669fb5c5d45a94893798e7b7e70cfbf9cc1"
dependencies = [
 "encoding_rs",
]

[[package]]
name = "encoding_c_mem"
version = "0.2.6"
source = "registry+https://github.com/rust-lang/crates.io-index"
checksum = "3a80a16821fe8c7cab96e0c67b57cd7090e021e9615e6ce6ab0cf866c44ed1f0"
dependencies = [
 "encoding_rs",
]

[[package]]
name = "encoding_rs"
version = "0.8.42"
source = "registry+https://github.com/rust-lang/crates.io-index"
checksum = "8e985e0451871ad22fb8d2b6b076e2028a502a0d3950998c2c5c0a4f9b5d9679"
dependencies = [
 "cfg-if",
 "core_detect",
 "multiversion_no_op",
 "rustversion",
 "scopeguard",
 "simdutf8",
]

[[package]]
name = "equivalent"
version = "1.0.2"
source = "registry+https://github.com/rust-lang/crates.io-index"
checksum = "877a4ace8713b0bcf2a4e7eec82529c029f1d0619886d18145fea96c3ffe5c0f"

[[package]]
name = "errno"
version = "0.3.14"
source = "registry+https://github.com/rust-lang/crates.io-index"
checksum = "39cab71617ae0d63f51a36d69f866391735b51691dbda63cf6f96d042b63efeb"
dependencies = [
 "libc",
 "windows-sys",
]

[[package]]
name = "fastrand"
version = "2.5.0"
source = "registry+https://github.com/rust-lang/crates.io-index"
checksum = "da7c62ceae207dd37ea5b845da6a0696c799f85e97da1ab5b7910be3c1c80223"

[[package]]
name = "filetime"
version = "0.2.29"
source = "registry+https://github.com/rust-lang/crates.io-index"
checksum = "5c287a33c7f0a620c38e641e7f60827713987b3c0f26e8ddc9462cc69cf75759"
dependencies = [
 "cfg-if",
 "libc",
]

[[package]]
name = "find-msvc-tools"
version = "0.1.13"
source = "registry+https://github.com/rust-lang/crates.io-index"
checksum = "ef25905e51abafe4dcea6c15fec58c57b601cdbd0ee53d22ea1d3016c587d39b"

[[package]]
name = "fixed_decimal"
version = "0.7.2"
source = "registry+https://github.com/rust-lang/crates.io-index"
checksum = "79c3c892f121fff406e5dd6b28c1b30096b95111c30701a899d4f2b18da6d1bd"
dependencies = [
 "displaydoc",
 "smallvec",
 "writeable",
]

[[package]]
name = "flate2"
version = "1.1.10"
source = "registry+https://github.com/rust-lang/crates.io-index"
checksum = "6e634e2e0ebac1ee034020da1ca582e17ffe4e0f5e985823721e168928136dcb"
dependencies = [
 "crc32fast",
 "miniz_oxide",
 "zlib-rs",
]

[[package]]
name = "getrandom"
version = "0.4.3"
source = "registry+https://github.com/rust-lang/crates.io-index"
checksum = "300e883d756b2e4ec94e02791f39b04b522276138852cfc41d9fb7e904106099"
dependencies = [
 "cfg-if",
 "libc",
 "r-efi",
]

[[package]]
name = "glob"
version = "0.3.4"
source = "registry+https://github.com/rust-lang/crates.io-index"
checksum = "e4eba85ea1d0a966a983acd07deee566e67395d2d96b6fb39e62b5a833f1eb0b"

[[package]]
name = "hashbrown"
version = "0.17.1"
source = "registry+https://github.com/rust-lang/crates.io-index"
checksum = "ed5909b6e89a2db4456e54cd5f673791d7eca6732202bbf2a9cc504fe2f9b84a"

[[package]]
name = "heck"
version = "0.5.0"
source = "registry+https://github.com/rust-lang/crates.io-index"
checksum = "2304e00983f87ffb38b55b444b5e3b60a884b5d30c0fca7d82fe33449bbe55ea"

[[package]]
name = "icu_calendar"
version = "2.1.1"
source = "registry+https://github.com/rust-lang/crates.io-index"
checksum = "d6f0e52e009b6b16ba9c0693578796f2dd4aaa59a7f8f920423706714a89ac4e"
dependencies = [
 "calendrical_calculations",
 "displaydoc",
 "icu_calendar_data",
 "icu_locale",
 "icu_locale_core",
 "icu_provider",
 "ixdtf",
 "serde",
 "tinystr",
 "zerovec",
]

[[package]]
name = "icu_calendar_data"
version = "2.1.1"
source = "registry+https://github.com/rust-lang/crates.io-index"
checksum = "527f04223b17edfe0bd43baf14a0cb1b017830db65f3950dc00224860a9a446d"

[[package]]
name = "icu_capi"
version = "2.1.2"
source = "registry+https://github.com/rust-lang/crates.io-index"
checksum = "7140802b4439ce1108ca1411bf68d7839462eea0e32cf757ff28e43210a8b4c3"
dependencies = [
 "diplomat",
 "diplomat-runtime",
 "icu_calendar",
 "icu_casemap",
 "icu_collator",
 "icu_datetime",
 "icu_decimal",
 "icu_experimental",
 "icu_list",
 "icu_locale",
 "icu_locale_core",
 "icu_normalizer",
 "icu_plurals",
 "icu_properties",
 "icu_provider",
 "icu_provider_adapters",
 "icu_segmenter",
 "icu_time",
 "tinystr",
 "writeable",
]

[[package]]
name = "icu_casemap"
version = "2.1.1"
source = "registry+https://github.com/rust-lang/crates.io-index"
checksum = "d4ca9983e8bf51223c2f89014fa4eaa9e9b336c47f3af0d000538f86f841fba1"
dependencies = [
 "icu_casemap_data",
 "icu_collections",
 "icu_locale_core",
 "icu_properties",
 "icu_provider",
 "potential_utf",
 "writeable",
 "zerovec",
]

[[package]]
name = "icu_casemap_data"
version = "2.1.1"
source = "registry+https://github.com/rust-lang/crates.io-index"
checksum = "98d4663d0f99b301033a19e0acf94e9d2fa4b107638580165e5a6ccc49ad1450"

[[package]]
name = "icu_collator"
version = "2.1.2"
source = "registry+https://github.com/rust-lang/crates.io-index"
checksum = "350406c88d370ea300ead7667472dec611223d823ae5ef33223a12521f0d80b3"
dependencies = [
 "icu_collator_data",
 "icu_collections",
 "icu_locale",
 "icu_locale_core",
 "icu_normalizer",
 "icu_properties",
 "icu_provider",
 "smallvec",
 "utf16_iter",
 "utf8_iter",
 "zerovec",
]

[[package]]
name = "icu_collator_data"
version = "2.1.1"
source = "registry+https://github.com/rust-lang/crates.io-index"
checksum = "5ab06f0e83a613efddba3e4913e00e43ed4001fae651cb7d40fc7e66b83b6fb9"

[[package]]
name = "icu_collections"
version = "2.1.1"
source = "registry+https://github.com/rust-lang/crates.io-index"
checksum = "4c6b649701667bbe825c3b7e6388cb521c23d88644678e83c0c4d0a621a34b43"
dependencies = [
 "displaydoc",
 "potential_utf",
 "serde",
 "yoke",
 "zerofrom",
 "zerovec",
]

[[package]]
name = "icu_datetime"
version = "2.1.1"
source = "registry+https://github.com/rust-lang/crates.io-index"
checksum = "1b9d49f41ded8e63761b6b4c3120dfdc289415a1ed10107db6198eb311057ca5"
dependencies = [
 "displaydoc",
 "fixed_decimal",
 "icu_calendar",
 "icu_datetime_data",
 "icu_decimal",
 "icu_locale",
 "icu_locale_core",
 "icu_pattern",
 "icu_plurals",
 "icu_provider",
 "icu_time",
 "potential_utf",
 "tinystr",
 "writeable",
 "zerovec",
]

[[package]]
name = "icu_datetime_data"
version = "2.1.2"
source = "registry+https://github.com/rust-lang/crates.io-index"
checksum = "46597233625417b7c8052a63d916e4fdc73df21614ac0b679492a5d6e3b01aeb"

[[package]]
name = "icu_decimal"
version = "2.1.1"
source = "registry+https://github.com/rust-lang/crates.io-index"
checksum = "a38c52231bc348f9b982c1868a2af3195199623007ba2c7650f432038f5b3e8e"
dependencies = [
 "fixed_decimal",
 "icu_decimal_data",
 "icu_locale",
 "icu_locale_core",
 "icu_provider",
 "writeable",
 "zerovec",
]

[[package]]
name = "icu_decimal_data"
version = "2.1.1"
source = "registry+https://github.com/rust-lang/crates.io-index"
checksum = "2905b4044eab2dd848fe84199f9195567b63ab3a93094711501363f63546fef7"

[[package]]
name = "icu_experimental"
version = "0.4.0"
source = "registry+https://github.com/rust-lang/crates.io-index"
checksum = "f4ffa4d60b9cb8b024082afaf9e94d853184e483ec69322c74dc437bf8a882a5"
dependencies = [
 "displaydoc",
 "either",
 "fixed_decimal",
 "icu_casemap",
 "icu_collections",
 "icu_decimal",
 "icu_experimental_data",
 "icu_list",
 "icu_locale",
 "icu_locale_core",
 "icu_normalizer",
 "icu_pattern",
 "icu_plurals",
 "icu_properties",
 "icu_provider",
 "litemap",
 "num-bigint",
 "num-rational",
 "num-traits",
 "potential_utf",
 "smallvec",
 "tinystr",
 "writeable",
 "zerotrie",
 "zerovec",
]

[[package]]
name = "icu_experimental_data"
version = "0.4.1"
source = "registry+https://github.com/rust-lang/crates.io-index"
checksum = "a0bce39e12480e91c7ddb748218050c459e241f491d130ea6ee92c3e5cd254f7"

[[package]]
name = "icu_list"
version = "2.1.1"
source = "registry+https://github.com/rust-lang/crates.io-index"
checksum = "d3a0b7b126e2fc42777d3c348611553d540bd3683caa39b387c5dd1036bb21a8"
dependencies = [
 "icu_list_data",
 "icu_locale",
 "icu_provider",
 "regex-automata",
 "writeable",
 "zerovec",
]

[[package]]
name = "icu_list_data"
version = "2.1.1"
source = "registry+https://github.com/rust-lang/crates.io-index"
checksum = "51044c242fe2a882cc0a464314bbdb9f441556a1cb238fb527fc47355ec2827b"

[[package]]
name = "icu_locale"
version = "2.1.1"
source = "registry+https://github.com/rust-lang/crates.io-index"
checksum = "532b11722e350ab6bf916ba6eb0efe3ee54b932666afec989465f9243fe6dd60"
dependencies = [
 "icu_collections",
 "icu_locale_core",
 "icu_locale_data",
 "icu_provider",
 "potential_utf",
 "tinystr",
 "zerovec",
]

[[package]]
name = "icu_locale_core"
version = "2.3.0"
source = "registry+https://github.com/rust-lang/crates.io-index"
checksum = "d56e28588da92eee5c3201a6eff33fabdd49b62269c8938d4ff050ce4d900deb"
dependencies = [
 "displaydoc",
 "litemap",
 "serde",
 "tinystr",
 "writeable",
 "zerovec",
]

[[package]]
name = "icu_locale_data"
version = "2.1.2"
source = "registry+https://github.com/rust-lang/crates.io-index"
checksum = "1c5f1d16b4c3a2642d3a719f18f6b06070ab0aef246a6418130c955ae08aa831"

[[package]]
name = "icu_normalizer"
version = "2.1.1"
source = "registry+https://github.com/rust-lang/crates.io-index"
checksum = "5f6c8828b67bf8908d82127b2054ea1b4427ff0230ee9141c54251934ab1b599"
dependencies = [
 "icu_collections",
 "icu_normalizer_data",
 "icu_properties",
 "icu_provider",
 "smallvec",
 "utf16_iter",
 "utf8_iter",
 "write16",
 "zerovec",
]

[[package]]
name = "icu_normalizer_data"
version = "2.1.1"
source = "registry+https://github.com/rust-lang/crates.io-index"
checksum = "7aedcccd01fc5fe81e6b489c15b247b8b0690feb23304303a9e560f37efc560a"

[[package]]
name = "icu_pattern"
version = "0.4.2"
source = "registry+https://github.com/rust-lang/crates.io-index"
checksum = "1c4c568054ffe735398a9f4c55aec37ad7c768844553cc0978f09cc9b933a1fb"
dependencies = [
 "displaydoc",
 "either",
 "serde",
 "writeable",
 "yoke",
 "zerovec",
]

[[package]]
name = "icu_plurals"
version = "2.1.1"
source = "registry+https://github.com/rust-lang/crates.io-index"
checksum = "4f9cfe49f5b1d1163cc58db451562339916a9ca5cbcaae83924d41a0bf839474"
dependencies = [
 "fixed_decimal",
 "icu_locale",
 "icu_plurals_data",
 "icu_provider",
 "zerovec",
]

[[package]]
name = "icu_plurals_data"
version = "2.1.1"
source = "registry+https://github.com/rust-lang/crates.io-index"
checksum = "f018a98dccf7f0eb02ba06ac0ff67d102d8ded80734724305e924de304e12ff0"

[[package]]
name = "icu_properties"
version = "2.1.2"
source = "registry+https://github.com/rust-lang/crates.io-index"
checksum = "020bfc02fe870ec3a66d93e677ccca0562506e5872c650f893269e08615d74ec"
dependencies = [
 "icu_collections",
 "icu_locale_core",
 "icu_properties_data",
 "icu_provider",
 "serde",
 "unicode-bidi",
 "zerotrie",
 "zerovec",
]

[[package]]
name = "icu_properties_data"
version = "2.1.2"
source = "registry+https://github.com/rust-lang/crates.io-index"
checksum = "616c294cf8d725c6afcd8f55abc17c56464ef6211f9ed59cccffe534129c77af"

[[package]]
name = "icu_provider"
version = "2.3.1"
source = "registry+https://github.com/rust-lang/crates.io-index"
checksum = "d27bbb9d3abbefac45d55f647c9de1d44aafcd1186eb91879afef17c396c3e73"
dependencies = [
 "displaydoc",
 "icu_locale_core",
 "serde",
 "stable_deref_trait",
 "writeable",
 "yoke",
 "zerofrom",
 "zerotrie",
 "zerovec",
]

[[package]]
name = "icu_provider_adapters"
version = "2.1.1"
source = "registry+https://github.com/rust-lang/crates.io-index"
checksum = "37dafa75fcb2ca73939cf7e7f4967d30be122b5e1d10f2b344e0addca8fa9446"
dependencies = [
 "icu_locale",
 "icu_provider",
]

[[package]]
name = "icu_segmenter"
version = "2.1.2"
source = "registry+https://github.com/rust-lang/crates.io-index"
checksum = "a807a7488f3f758629ae86d99d9d30dce24da2fb2945d74c80a4f4a62c71db73"
dependencies = [
 "core_maths",
 "icu_collections",
 "icu_locale",
 "icu_provider",
 "icu_segmenter_data",
 "potential_utf",
 "utf8_iter",
 "zerovec",
]

[[package]]
name = "icu_segmenter_data"
version = "2.1.1"
source = "registry+https://github.com/rust-lang/crates.io-index"
checksum = "6ebbb7321d9e21d25f5660366cb6c08201d0175898a3a6f7a41ee9685af21c80"

[[package]]
name = "icu_time"
version = "2.1.1"
source = "registry+https://github.com/rust-lang/crates.io-index"
checksum = "8242b00da3b3b6678f731437a11c8833a43c821ae081eca60ba1b7579d45b6d8"
dependencies = [
 "calendrical_calculations",
 "displaydoc",
 "icu_calendar",
 "icu_locale_core",
 "icu_provider",
 "icu_time_data",
 "ixdtf",
 "serde",
 "zerotrie",
 "zerovec",
]

[[package]]
name = "icu_time_data"
version = "2.1.1"
source = "registry+https://github.com/rust-lang/crates.io-index"
checksum = "3e10b0e5e87a2c84bd5fa407705732052edebe69291d347d0c3033785470edbf"

[[package]]
name = "indexmap"
version = "2.14.2"
source = "registry+https://github.com/rust-lang/crates.io-index"
checksum = "cc4e190f5d26ca7051642629da2c52fc03bde85a03197c99408dcd291734c855"
dependencies = [
 "equivalent",
 "hashbrown",
]

[[package]]
name = "is_terminal_polyfill"
version = "1.70.2"
source = "registry+https://github.com/rust-lang/crates.io-index"
checksum = "a6cb138bb79a146c1bd460005623e142ef0181e3d0219cb493e02f7d08a35695"

[[package]]
name = "itertools"
version = "0.13.0"
source = "registry+https://github.com/rust-lang/crates.io-index"
checksum = "413ee7dfc52ee1a4949ceeb7dbc8a33f2d6c088194d9f922fb8318faf1f01186"
dependencies = [
 "either",
]

[[package]]
name = "itoa"
version = "1.0.18"
source = "registry+https://github.com/rust-lang/crates.io-index"
checksum = "8f42a60cbdf9a97f5d2305f08a87dc4e09308d1276d28c869c684d7777685682"

[[package]]
name = "ixdtf"
version = "0.6.6"
source = "registry+https://github.com/rust-lang/crates.io-index"
checksum = "4d3667095d64c3ecffc96463a21157b04bf3e252f6e8d5750b20c02e33c194e3"

[[package]]
name = "libc"
version = "0.2.189"
source = "registry+https://github.com/rust-lang/crates.io-index"
checksum = "3eaf3ede3fee6db1a4c2ee091bf8a8b4dccdc6d17f656fb07896ee72867612f2"

[[package]]
name = "libloading"
version = "0.8.9"
source = "registry+https://github.com/rust-lang/crates.io-index"
checksum = "d7c4b02199fee7c5d21a5ae7d8cfa79a6ef5bb2fc834d6e9058e89c825efdc55"
dependencies = [
 "cfg-if",
 "windows-link",
]

[[package]]
name = "libm"
version = "0.2.16"
source = "registry+https://github.com/rust-lang/crates.io-index"
checksum = "b6d2cec3eae94f9f509c767b45932f1ada8350c4bdb85af2fcab4a3c14807981"

[[package]]
name = "libz-sys"
version = "1.1.29"
source = "registry+https://github.com/rust-lang/crates.io-index"
checksum = "85bc9657773828b90eeb625adff10eeac83cc21bbfd8e23a03eaa8a33c9e28d9"
dependencies = [
 "cc",
 "libc",
 "pkg-config",
 "vcpkg",
]

[[package]]
name = "linux-raw-sys"
version = "0.12.1"
source = "registry+https://github.com/rust-lang/crates.io-index"
checksum = "32a66949e030da00e8c7d4434b251670a91556f4144941d37452769c25d58a53"

[[package]]
name = "litemap"
version = "0.8.3"
source = "registry+https://github.com/rust-lang/crates.io-index"
checksum = "47d9d19d1d6efa0109d2f65ff4c85cddd50bd572e5a00127ab10987290bcefae"

[[package]]
name = "log"
version = "0.4.34"
source = "registry+https://github.com/rust-lang/crates.io-index"
checksum = "f9f8bd3e56ce4dfc153cf470fffbfa98c7620958b312ca5c3a4b8d5181fd13c6"

[[package]]
name = "memchr"
version = "2.8.3"
source = "registry+https://github.com/rust-lang/crates.io-index"
checksum = "cf8baf1c55e62ffcace7a9f06f4bd9cd3f0c4beb022d3b367256b91b87513d98"

[[package]]
name = "minimal-lexical"
version = "0.2.1"
source = "registry+https://github.com/rust-lang/crates.io-index"
checksum = "68354c5c6bd36d73ff3feceb05efa59b6acb7626617f4962be322a825e61f79a"

[[package]]
name = "miniz_oxide"
version = "0.9.1"
source = "registry+https://github.com/rust-lang/crates.io-index"
checksum = "b63fbc4a50860e98e7b2aa7804ded1db5cbc3aff9193adaff57a6931bf7c4b4c"
dependencies = [
 "adler2",
 "simd-adler32",
]

[[package]]
name = "mozjs"
version = "0.26.4"
source = "git+https://github.com/jschwe/mozjs?branch=ohos-system-zlib#8f5d4294bdf1b094773d074dd33b4e508b58d525"
dependencies = [
 "bindgen",
 "cc",
 "encoding_rs",
 "libc",
 "log",
 "mozjs_sys",
 "num-traits",
]

[[package]]
name = "mozjs-smoke"
version = "0.0.0"
dependencies = [
 "mozjs",
]

[[package]]
name = "mozjs_collator_glue"
version = "153.3.0"
source = "git+https://github.com/jschwe/mozjs?branch=ohos-system-zlib#8f5d4294bdf1b094773d074dd33b4e508b58d525"
dependencies = [
 "arraystring",
 "arrayvec",
 "cbindgen",
 "icu_locale_core",
 "mozjs_icu_collator",
 "tinystr",
 "writeable",
]

[[package]]
name = "mozjs_icu_collator"
version = "153.3.0"
source = "git+https://github.com/jschwe/mozjs?branch=ohos-system-zlib#8f5d4294bdf1b094773d074dd33b4e508b58d525"
dependencies = [
 "displaydoc",
 "icu_locale",
 "icu_locale_core",
 "icu_properties",
 "icu_provider",
 "mozjs_icu_collator_data",
 "mozjs_icu_collections",
 "mozjs_icu_normalizer",
 "mozjs_utf16_iter",
 "mozjs_utf8_iter",
 "smallvec",
 "tinystr",
 "zerovec",
]

[[package]]
name = "mozjs_icu_collator_data"
version = "153.3.0"
source = "git+https://github.com/jschwe/mozjs?branch=ohos-system-zlib#8f5d4294bdf1b094773d074dd33b4e508b58d525"

[[package]]
name = "mozjs_icu_collections"
version = "153.3.0"
source = "git+https://github.com/jschwe/mozjs?branch=ohos-system-zlib#8f5d4294bdf1b094773d074dd33b4e508b58d525"
dependencies = [
 "displaydoc",
 "icu_casemap",
 "potential_utf",
 "serde",
 "yoke",
 "zerofrom",
 "zerovec",
]

[[package]]
name = "mozjs_icu_normalizer"
version = "153.3.0"
source = "git+https://github.com/jschwe/mozjs?branch=ohos-system-zlib#8f5d4294bdf1b094773d074dd33b4e508b58d525"
dependencies = [
 "displaydoc",
 "icu_properties",
 "icu_provider",
 "mozjs_icu_collections",
 "mozjs_icu_normalizer_data",
 "mozjs_utf16_iter",
 "mozjs_utf8_iter",
 "smallvec",
 "write16",
 "zerovec",
]

[[package]]
name = "mozjs_icu_normalizer_data"
version = "153.3.0"
source = "git+https://github.com/jschwe/mozjs?branch=ohos-system-zlib#8f5d4294bdf1b094773d074dd33b4e508b58d525"

[[package]]
name = "mozjs_locale_glue"
version = "153.3.0"
source = "git+https://github.com/jschwe/mozjs?branch=ohos-system-zlib#8f5d4294bdf1b094773d074dd33b4e508b58d525"
dependencies = [
 "cbindgen",
 "icu_locale",
]

[[package]]
name = "mozjs_normalizer_glue"
version = "153.3.0"
source = "git+https://github.com/jschwe/mozjs?branch=ohos-system-zlib#8f5d4294bdf1b094773d074dd33b4e508b58d525"
dependencies = [
 "cbindgen",
 "encoding_rs",
 "mozjs_icu_normalizer",
 "smallvec",
 "write16",
]

[[package]]
name = "mozjs_properties_glue"
version = "153.3.0"
source = "git+https://github.com/jschwe/mozjs?branch=ohos-system-zlib#8f5d4294bdf1b094773d074dd33b4e508b58d525"
dependencies = [
 "cbindgen",
 "icu_casemap",
 "icu_properties",
 "mozjs_icu_collections",
]

[[package]]
name = "mozjs_sys"
version = "153.3.0-1"
source = "git+https://github.com/jschwe/mozjs?branch=ohos-system-zlib#8f5d4294bdf1b094773d074dd33b4e508b58d525"
dependencies = [
 "bindgen",
 "cc",
 "encoding_c",
 "encoding_c_mem",
 "flate2",
 "icu_capi",
 "libc",
 "libz-sys",
 "mozjs_collator_glue",
 "mozjs_locale_glue",
 "mozjs_normalizer_glue",
 "mozjs_properties_glue",
 "mozjs_unicode_bidi_ffi",
 "tar",
 "walkdir",
]

[[package]]
name = "mozjs_unicode_bidi_ffi"
version = "153.3.0"
source = "git+https://github.com/jschwe/mozjs?branch=ohos-system-zlib#8f5d4294bdf1b094773d074dd33b4e508b58d525"
dependencies = [
 "cbindgen",
 "icu_properties",
 "unicode-bidi",
]

[[package]]
name = "mozjs_utf16_iter"
version = "153.3.0"
source = "git+https://github.com/jschwe/mozjs?branch=ohos-system-zlib#8f5d4294bdf1b094773d074dd33b4e508b58d525"
dependencies = [
 "mozjs_icu_collections",
]

[[package]]
name = "mozjs_utf8_iter"
version = "153.3.0"
source = "git+https://github.com/jschwe/mozjs?branch=ohos-system-zlib#8f5d4294bdf1b094773d074dd33b4e508b58d525"
dependencies = [
 "mozjs_icu_collections",
]

[[package]]
name = "multiversion_no_op"
version = "1.0.0"
source = "registry+https://github.com/rust-lang/crates.io-index"
checksum = "743fb55ba31b18fb1ecef6bdc9aa2743314978ac084044301a7eee33fb99a20d"

[[package]]
name = "nom"
version = "7.1.3"
source = "registry+https://github.com/rust-lang/crates.io-index"
checksum = "d273983c5a657a70a3e8f2a01329822f3b8c8172b73826411a55751e404a0a4a"
dependencies = [
 "memchr",
 "minimal-lexical",
]

[[package]]
name = "num-bigint"
version = "0.4.8"
source = "registry+https://github.com/rust-lang/crates.io-index"
checksum = "c89e69e7e0f03bea5ef08013795c25018e101932225a656383bd384495ecc367"
dependencies = [
 "num-integer",
 "num-traits",
]

[[package]]
name = "num-integer"
version = "0.1.47"
source = "registry+https://github.com/rust-lang/crates.io-index"
checksum = "7ce2d95d4b3734dc35aa2f45e1aa22cd416814592a4f9d9205e11affd5b8e10b"
dependencies = [
 "num-traits",
]

[[package]]
name = "num-rational"
version = "0.4.2"
source = "registry+https://github.com/rust-lang/crates.io-index"
checksum = "f83d14da390562dca69fc84082e73e548e1ad308d24accdedd2720017cb37824"
dependencies = [
 "num-bigint",
 "num-integer",
 "num-traits",
]

[[package]]
name = "num-traits"
version = "0.2.19"
source = "registry+https://github.com/rust-lang/crates.io-index"
checksum = "071dfc062690e90b734c0b2273ce72ad0ffa95f0c74596bc250dcfd960262841"
dependencies = [
 "autocfg",
]

[[package]]
name = "once_cell"
version = "1.21.4"
source = "registry+https://github.com/rust-lang/crates.io-index"
checksum = "9f7c3e4beb33f85d45ae3e3a1792185706c8e16d043238c593331cc7cd313b50"

[[package]]
name = "once_cell_polyfill"
version = "1.70.2"
source = "registry+https://github.com/rust-lang/crates.io-index"
checksum = "384b8ab6d37215f3c5301a95a4accb5d64aa607f1fcb26a11b5303878451b4fe"

[[package]]
name = "pkg-config"
version = "0.3.34"
source = "registry+https://github.com/rust-lang/crates.io-index"
checksum = "f6b464fbc74e149a392436b17d523f769e057cb6877f6a5c4618bc6f11800548"

[[package]]
name = "potential_utf"
version = "0.1.6"
source = "registry+https://github.com/rust-lang/crates.io-index"
checksum = "d83eb9bc6d8e5cf568e7a1101d60ee05e81ed50ea106026f3d18deeb046d7661"
dependencies = [
 "serde_core",
 "writeable",
 "zerovec",
]

[[package]]
name = "proc-macro2"
version = "1.0.107"
source = "registry+https://github.com/rust-lang/crates.io-index"
checksum = "985e7ec9bb745e6ce6535b544d84d6cd6f7ad8bd711c398938ae983b91a766d9"
dependencies = [
 "unicode-ident",
]

[[package]]
name = "quote"
version = "1.0.47"
source = "registry+https://github.com/rust-lang/crates.io-index"
checksum = "1fbf4db142a473a8d80c26bbf18454ed458bf8d26c8219c331daecfdbd079001"
dependencies = [
 "proc-macro2",
]

[[package]]
name = "r-efi"
version = "6.0.0"
source = "registry+https://github.com/rust-lang/crates.io-index"
checksum = "f8dcc9c7d52a811697d2151c701e0d08956f92b0e24136cf4cf27b57a6a0d9bf"

[[package]]
name = "regex"
version = "1.13.1"
source = "registry+https://github.com/rust-lang/crates.io-index"
checksum = "f020237b6c8eed93db2e2cb53c00c60a8e1bc73da7d073199a1180401450218d"
dependencies = [
 "aho-corasick",
 "memchr",
 "regex-automata",
 "regex-syntax",
]

[[package]]
name = "regex-automata"
version = "0.4.18"
source = "registry+https://github.com/rust-lang/crates.io-index"
checksum = "ad8553b9b26413251cbf30e620595c7a41b3887f03da04579c0e6b0d6a06b4b2"
dependencies = [
 "aho-corasick",
 "memchr",
 "regex-syntax",
]

[[package]]
name = "regex-syntax"
version = "0.8.11"
source = "registry+https://github.com/rust-lang/crates.io-index"
checksum = "d6f6ff9a378485b298a5286656da665ba74413d36db0979633275d2e708145d4"

[[package]]
name = "rustc-hash"
version = "2.1.3"
source = "registry+https://github.com/rust-lang/crates.io-index"
checksum = "6b1e7f9a428571be2dc5bc0505c13fb6bf936822b894ec87abf8a08a4e51742d"

[[package]]
name = "rustix"
version = "1.1.5"
source = "registry+https://github.com/rust-lang/crates.io-index"
checksum = "891efababe418670775f199f0d233d84843c227a0949a883ce15b37c78d6629d"
dependencies = [
 "bitflags",
 "errno",
 "libc",
 "linux-raw-sys",
 "windows-sys",
]

[[package]]
name = "rustversion"
version = "1.0.23"
source = "registry+https://github.com/rust-lang/crates.io-index"
checksum = "cf54715a573b99ac80df0bc206da022bcd442c974952c7b9720069370852e21f"

[[package]]
name = "same-file"
version = "1.0.6"
source = "registry+https://github.com/rust-lang/crates.io-index"
checksum = "93fc1dc3aaa9bfed95e02e6eadabb4baf7e3078b0bd1b4d7b6b0b68378900502"
dependencies = [
 "winapi-util",
]

[[package]]
name = "scopeguard"
version = "1.2.0"
source = "registry+https://github.com/rust-lang/crates.io-index"
checksum = "94143f37725109f92c262ed2cf5e59bce7498c01bcc1502d7b9afe439a4e9f49"

[[package]]
name = "serde"
version = "1.0.229"
source = "registry+https://github.com/rust-lang/crates.io-index"
checksum = "4148590afebada386688f18773da617792bf2ef03ffc1e4cbd2b1d45b023e0ba"
dependencies = [
 "serde_core",
 "serde_derive",
]

[[package]]
name = "serde_core"
version = "1.0.229"
source = "registry+https://github.com/rust-lang/crates.io-index"
checksum = "67dca2c9c51e58a4791a4b1ed58308b39c64224d349a935ab5039aa360942a48"
dependencies = [
 "serde_derive",
]

[[package]]
name = "serde_derive"
version = "1.0.229"
source = "registry+https://github.com/rust-lang/crates.io-index"
checksum = "e7a5d71263a5a7d47b41f6b3f06ba276f10cc18b0931f1799f710578e2309348"
dependencies = [
 "proc-macro2",
 "quote",
 "syn 3.0.6",
]

[[package]]
name = "serde_json"
version = "1.0.151"
source = "registry+https://github.com/rust-lang/crates.io-index"
checksum = "c841b55ecdae098c80dcae9cf767f6f8a0c2cdb3416bbef72181df4d0fe73f14"
dependencies = [
 "itoa",
 "memchr",
 "serde",
 "serde_core",
 "zmij",
]

[[package]]
name = "serde_spanned"
version = "1.1.1"
source = "registry+https://github.com/rust-lang/crates.io-index"
checksum = "6662b5879511e06e8999a8a235d848113e942c9124f211511b16466ee2995f26"
dependencies = [
 "serde_core",
]

[[package]]
name = "shlex"
version = "1.3.0"
source = "registry+https://github.com/rust-lang/crates.io-index"
checksum = "0fda2ff0d084019ba4d7c6f371c95d8fd75ce3524c3cb8fb653a3023f6323e64"

[[package]]
name = "shlex"
version = "2.0.1"
source = "registry+https://github.com/rust-lang/crates.io-index"
checksum = "f8fadd59c855ef2080decdef8ff161eb6661b86933c9d82e5ba29dc602a55aba"

[[package]]
name = "simd-adler32"
version = "0.3.10"
source = "registry+https://github.com/rust-lang/crates.io-index"
checksum = "3a219298ac11a56ea9a6d2120044824d6f01aeb034955e7af7bc16858527deea"

[[package]]
name = "simdutf8"
version = "0.1.5"
source = "registry+https://github.com/rust-lang/crates.io-index"
checksum = "e3a9fe34e3e7a50316060351f37187a3f546bce95496156754b601a5fa71b76e"

[[package]]
name = "smallvec"
version = "1.16.2"
source = "registry+https://github.com/rust-lang/crates.io-index"
checksum = "f9395f0f0eee849a9b707b2f06bb92a6a422090e2123bb2ef8e87a0e61892a8e"

[[package]]
name = "stable_deref_trait"
version = "1.2.1"
source = "registry+https://github.com/rust-lang/crates.io-index"
checksum = "6ce2be8dc25455e1f91df71bfa12ad37d7af1092ae736f3a6cd0e37bc7810596"

[[package]]
name = "strck"
version = "1.0.0"
source = "registry+https://github.com/rust-lang/crates.io-index"
checksum = "42316e70da376f3d113a68d138a60d8a9883c604fe97942721ec2068dab13a9f"
dependencies = [
 "unicode-ident",
]

[[package]]
name = "strsim"
version = "0.11.1"
source = "registry+https://github.com/rust-lang/crates.io-index"
checksum = "7da8b5736845d9f2fcb837ea5d9e2628564b3b043a70948a3f0b778838c5fb4f"

[[package]]
name = "syn"
version = "2.0.119"
source = "registry+https://github.com/rust-lang/crates.io-index"
checksum = "872831b642d1a07999a962a351ed35b955ea2cfc8f3862091e2a240a84f17297"
dependencies = [
 "proc-macro2",
 "quote",
 "unicode-ident",
]

[[package]]
name = "syn"
version = "3.0.6"
source = "registry+https://github.com/rust-lang/crates.io-index"
checksum = "8593e8e72159ed2257d083c7a454a85cbf854f37a0966d8d483aff8c8a3ebcee"
dependencies = [
 "proc-macro2",
 "quote",
 "unicode-ident",
]

[[package]]
name = "synstructure"
version = "0.14.0"
source = "registry+https://github.com/rust-lang/crates.io-index"
checksum = "901704edd0dfe137f1987838ee4f259e4e063c31371bdb423f7ae38ec6f77f02"
dependencies = [
 "proc-macro2",
 "quote",
 "syn 3.0.6",
]

[[package]]
name = "tar"
version = "0.4.46"
source = "registry+https://github.com/rust-lang/crates.io-index"
checksum = "3f6221d9a6003c78398e3b239969f352578258df48c8eb051caadae0015bc840"
dependencies = [
 "filetime",
 "libc",
 "xattr",
]

[[package]]
name = "tempfile"
version = "3.27.0"
source = "registry+https://github.com/rust-lang/crates.io-index"
checksum = "32497e9a4c7b38532efcdebeef879707aa9f794296a4f0244f6f69e9bc8574bd"
dependencies = [
 "fastrand",
 "getrandom",
 "once_cell",
 "rustix",
 "windows-sys",
]

[[package]]
name = "tinystr"
version = "0.8.4"
source = "registry+https://github.com/rust-lang/crates.io-index"
checksum = "b1e27c91459209c2986af3dcf603a5a74a4368754ce37414f59acc971167f643"
dependencies = [
 "displaydoc",
 "serde_core",
 "zerovec",
]

[[package]]
name = "toml"
version = "0.9.12+spec-1.1.0"
source = "registry+https://github.com/rust-lang/crates.io-index"
checksum = "cf92845e79fc2e2def6a5d828f0801e29a2f8acc037becc5ab08595c7d5e9863"
dependencies = [
 "indexmap",
 "serde_core",
 "serde_spanned",
 "toml_datetime",
 "toml_parser",
 "toml_writer",
 "winnow 0.7.15",
]

[[package]]
name = "toml_datetime"
version = "0.7.5+spec-1.1.0"
source = "registry+https://github.com/rust-lang/crates.io-index"
checksum = "92e1cfed4a3038bc5a127e35a2d360f145e1f4b971b551a2ba5fd7aedf7e1347"
dependencies = [
 "serde_core",
]

[[package]]
name = "toml_parser"
version = "1.1.3+spec-1.1.0"
source = "registry+https://github.com/rust-lang/crates.io-index"
checksum = "1d38ac1cf9b95face32296c0a3ede1fdc270627c9d9c02a7274dd6d960dc4d56"
dependencies = [
 "winnow 1.0.4",
]

[[package]]
name = "toml_writer"
version = "1.1.2+spec-1.1.0"
source = "registry+https://github.com/rust-lang/crates.io-index"
checksum = "7d56353a2a665ad0f41a421187180aab746c8c325620617ad883a99a1cbe66d2"

[[package]]
name = "typenum"
version = "1.20.1"
source = "registry+https://github.com/rust-lang/crates.io-index"
checksum = "b6f5e870be6c3b371b77fe0ee0bafb859fa4964b4404c27de1d380043c4dda20"

[[package]]
name = "unicode-bidi"
version = "0.3.18"
source = "registry+https://github.com/rust-lang/crates.io-index"
checksum = "5c1cb5db39152898a79168971543b1cb5020dff7fe43c8dc468b0885f5e29df5"
dependencies = [
 "smallvec",
]

[[package]]
name = "unicode-ident"
version = "1.0.26"
source = "registry+https://github.com/rust-lang/crates.io-index"
checksum = "d245f478577f809a851594d02313b640fb437e0bb33866753cff937863096954"

[[package]]
name = "utf16_iter"
version = "1.0.5"
source = "registry+https://github.com/rust-lang/crates.io-index"
checksum = "c8232dd3cdaed5356e0f716d285e4b40b932ac434100fe9b7e0e8e935b9e6246"

[[package]]
name = "utf8_iter"
version = "1.0.4"
source = "registry+https://github.com/rust-lang/crates.io-index"
checksum = "b6c140620e7ffbb22c2dee59cafe6084a59b5ffc27a8859a5f0d494b5d52b6be"

[[package]]
name = "utf8parse"
version = "0.2.2"
source = "registry+https://github.com/rust-lang/crates.io-index"
checksum = "06abde3611657adf66d383f00b093d7faecc7fa57071cce2578660c9f1010821"

[[package]]
name = "vcpkg"
version = "0.2.15"
source = "registry+https://github.com/rust-lang/crates.io-index"
checksum = "accd4ea62f7bb7a82fe23066fb0957d48ef677f6eeb8215f372f52e48bb32426"

[[package]]
name = "walkdir"
version = "2.5.0"
source = "registry+https://github.com/rust-lang/crates.io-index"
checksum = "29790946404f91d9c5d06f9874efddea1dc06c5efe94541a7d6863108e3a5e4b"
dependencies = [
 "same-file",
 "winapi-util",
]

[[package]]
name = "winapi-util"
version = "0.1.11"
source = "registry+https://github.com/rust-lang/crates.io-index"
checksum = "c2a7b1c03c876122aa43f3020e6c3c3ee5c05081c9a00739faf7503aeba10d22"
dependencies = [
 "windows-sys",
]

[[package]]
name = "windows-link"
version = "0.2.1"
source = "registry+https://github.com/rust-lang/crates.io-index"
checksum = "f0805222e57f7521d6a62e36fa9163bc891acd422f971defe97d64e70d0a4fe5"

[[package]]
name = "windows-sys"
version = "0.61.2"
source = "registry+https://github.com/rust-lang/crates.io-index"
checksum = "ae137229bcbd6cdf0f7b80a31df61766145077ddf49416a728b02cb3921ff3fc"
dependencies = [
 "windows-link",
]

[[package]]
name = "winnow"
version = "0.7.15"
source = "registry+https://github.com/rust-lang/crates.io-index"
checksum = "df79d97927682d2fd8adb29682d1140b343be4ac0f08fd68b7765d9c059d3945"

[[package]]
name = "winnow"
version = "1.0.4"
source = "registry+https://github.com/rust-lang/crates.io-index"
checksum = "23b97319f7b8343df12cc98938e5c3eb436064524c8d2b4e30a1d3a36eecdf81"

[[package]]
name = "write16"
version = "1.0.0"
source = "registry+https://github.com/rust-lang/crates.io-index"
checksum = "d1890f4022759daae28ed4fe62859b1236caebfc61ede2f63ed4e695f3f6d936"
dependencies = [
 "smallvec",
]

[[package]]
name = "writeable"
version = "0.6.4"
source = "registry+https://github.com/rust-lang/crates.io-index"
checksum = "3ad82d2a33cdc9674dc7465672f271e096168fcdbe0f799d9e6db8c5892679dc"
dependencies = [
 "either",
]

[[package]]
name = "xattr"
version = "1.6.1"
source = "registry+https://github.com/rust-lang/crates.io-index"
checksum = "32e45ad4206f6d2479085147f02bc2ef834ac85886624a23575ae137c8aa8156"
dependencies = [
 "libc",
 "rustix",
]

[[package]]
name = "yoke"
version = "0.8.3"
source = "registry+https://github.com/rust-lang/crates.io-index"
checksum = "709fe23a0424b6a435d82152b1bd3fdfb0833487d5fa90d05d42762a9891fef5"
dependencies = [
 "stable_deref_trait",
 "yoke-derive",
 "zerofrom",
]

[[package]]
name = "yoke-derive"
version = "0.8.3"
source = "registry+https://github.com/rust-lang/crates.io-index"
checksum = "33811428bee40dbceb6d545e95754741d17a6aef9a4849f0fd62e2ba4f412a78"
dependencies = [
 "proc-macro2",
 "quote",
 "syn 3.0.6",
 "synstructure",
]

[[package]]
name = "zerofrom"
version = "0.1.8"
source = "registry+https://github.com/rust-lang/crates.io-index"
checksum = "0ec05a11813ea801ff6d75110ad09cd0824ddba17dfe17128ea0d5f68e6c5272"
dependencies = [
 "zerofrom-derive",
]

[[package]]
name = "zerofrom-derive"
version = "0.1.8"
source = "registry+https://github.com/rust-lang/crates.io-index"
checksum = "f75b4683f6c7f45248d4d64056a24298c6281e0993356d7d1b4a1a962ef10d4a"
dependencies = [
 "proc-macro2",
 "quote",
 "syn 3.0.6",
 "synstructure",
]

[[package]]
name = "zerotrie"
version = "0.2.5"
source = "registry+https://github.com/rust-lang/crates.io-index"
checksum = "4ea269c3bd32f0a32c321907a2ae912ba6f4649bb0fc764a15627e99a7095a3f"
dependencies = [
 "displaydoc",
 "yoke",
 "zerofrom",
 "zerovec",
]

[[package]]
name = "zerovec"
version = "0.11.8"
source = "registry+https://github.com/rust-lang/crates.io-index"
checksum = "bb0464e17806c1d976d5cba29399c7f08e516e279e2ba493f63123b5fca67dd8"
dependencies = [
 "serde",
 "yoke",
 "zerofrom",
 "zerovec-derive",
]

[[package]]
name = "zerovec-derive"
version = "0.11.6"
source = "registry+https://github.com/rust-lang/crates.io-index"
checksum = "34df6fc39dbd26ddc9c10e6a2984476e13acce22e64e4487636ef494369225da"
dependencies = [
 "proc-macro2",
 "quote",
 "syn 3.0.6",
]

[[package]]
name = "zlib-rs"
version = "0.6.8"
source = "registry+https://github.com/rust-lang/crates.io-index"
checksum = "b268e58e7c693d7c271f93ffc4ba3b380412554231c85bf61ca7af91042a4112"

[[package]]
name = "zmij"
version = "1.0.23"
source = "registry+https://github.com/rust-lang/crates.io-index"
checksum = "29666d0abbfad1e3dc4dcf6144730dd3a3ab225bbbdac83319345b1b44ccfc1b"
